// !$*UTF8*$!
{
	archiveVersion = 1;
	classes = {
	};
	objectVersion = 56;
	objects = {

/* Begin PBXBuildFile section */
		434B8B0B2A9F338E0088700A /* UberApp.swift in Sources */ = {isa = PBXBuildFile; fileRef = 434B8B0A2A9F338E0088700A /* UberApp.swift */; };
		434B8B0D2A9F338E0088700A /* HomeView.swift in Sources */ = {isa = PBXBuildFile; fileRef = 434B8B0C2A9F338E0088700A /* HomeView.swift */; };
		434B8B0F2A9F33910088700A /* Assets.xcassets in Resources */ = {isa = PBXBuildFile; fileRef = 434B8B0E2A9F33910088700A /* Assets.xcassets */; };
		434B8B122A9F33910088700A /* Preview Assets.xcassets in Resources */ = {isa = PBXBuildFile; fileRef = 434B8B112A9F33910088700A /* Preview Assets.xcassets */; };
		434B8B202A9F35CC0088700A /* UberMapViewRepresentable.swift in Sources */ = {isa = PBXBuildFile; fileRef = 434B8B1F2A9F35CC0088700A /* UberMapViewRepresentable.swift */; };
		434B8B222A9F38F10088700A /* LocationManager.swift in Sources */ = {isa = PBXBuildFile; fileRef = 434B8B212A9F38F10088700A /* LocationManager.swift */; };
		434B8B282A9F42FA0088700A /* LocationSearchActivationView.swift in Sources */ = {isa = PBXBuildFile; fileRef = 434B8B272A9F42FA0088700A /* LocationSearchActivationView.swift */; };
		434B8B2A2A9F46400088700A /* MapViewActionButton.swift in Sources */ = {isa = PBXBuildFile; fileRef = 434B8B292A9F46400088700A /* MapViewActionButton.swift */; };
/* End PBXBuildFile section */

/* Begin PBXFileReference section */
		434B8B072A9F338E0088700A /* Uber.app */ = {isa = PBXFileReference; explicitFileType = wrapper.application; includeInIndex = 0; path = Uber.app; sourceTree = BUILT_PRODUCTS_DIR; };
		434B8B0A2A9F338E0088700A /* UberApp.swift */ = {isa = PBXFileReference; lastKnownFileType = sourcecode.swift; path = UberApp.swift; sourceTree = "<group>"; };
		434B8B0C2A9F338E0088700A /* HomeView.swift */ = {isa = PBXFileReference; lastKnownFileType = sourcecode.swift; path = HomeView.swift; sourceTree = "<group>"; };
		434B8B0E2A9F33910088700A /* Assets.xcassets */ = {isa = PBXFileReference; lastKnownFileType = folder.assetcatalog; path = Assets.xcassets; sourceTree = "<group>"; };
		434B8B112A9F33910088700A /* Preview Assets.xcassets */ = {isa = PBXFileReference; lastKnownFileType = folder.assetcatalog; path = "Preview Assets.xcassets"; sourceTree = "<group>"; };
		434B8B1F2A9F35CC0088700A /* UberMapViewRepresentable.swift */ = {isa = PBXFileReference; lastKnownFileType = sourcecode.swift; path = UberMapViewRepresentable.swift; sourceTree = "<group>"; };
		434B8B212A9F38F10088700A /* LocationManager.swift */ = {isa = PBXFileReference; lastKnownFileType = sourcecode.swift; path = LocationManager.swift; sourceTree = "<group>"; };
		434B8B272A9F42FA0088700A /* LocationSearchActivationView.swift */ = {isa = PBXFileReference; lastKnownFileType = sourcecode.swift; path = LocationSearchActivationView.swift; sourceTree = "<group>"; };
		434B8B292A9F46400088700A /* MapViewActionButton.swift */ = {isa = PBXFileReference; lastKnownFileType = sourcecode.swift; path = MapViewActionButton.swift; sourceTree = "<group>"; };
/* End PBXFileReference section */

/* Begin PBXFrameworksBuildPhase section */
		434B8B042A9F338E0088700A /* Frameworks */ = {
			isa = PBXFrameworksBuildPhase;
			buildActionMask = 2147483647;
			files = (
			);
			runOnlyForDeploymentPostprocessing = 0;
		};
/* End PBXFrameworksBuildPhase section */

/* Begin PBXGroup section */
		434B8AFE2A9F338E0088700A = {
			isa = PBXGroup;
			children = (
				434B8B092A9F338E0088700A /* Uber */,
				434B8B082A9F338E0088700A /* Products */,
			);
			sourceTree = "<group>";
		};
		434B8B082A9F338E0088700A /* Products */ = {
			isa = PBXGroup;
			children = (
				434B8B072A9F338E0088700A /* Uber.app */,
			);
			name = Products;
			sourceTree = "<group>";
		};
		434B8B092A9F338E0088700A /* Uber */ = {
			isa = PBXGroup;
			children = (
				434B8B1C2A9F35070088700A /* App */,
				434B8B1B2A9F35030088700A /* Core */,
				434B8B1A2A9F35000088700A /* Extensions */,
				434B8B192A9F34FD0088700A /* Managers */,
				434B8B182A9F34F50088700A /* Models */,
				434B8B0E2A9F33910088700A /* Assets.xcassets */,
				434B8B102A9F33910088700A /* Preview Content */,
			);
			path = Uber;
			sourceTree = "<group>";
		};
		434B8B102A9F33910088700A /* Preview Content */ = {
			isa = PBXGroup;
			children = (
				434B8B112A9F33910088700A /* Preview Assets.xcassets */,
			);
			path = "Preview Content";
			sourceTree = "<group>";
		};
		434B8B182A9F34F50088700A /* Models */ = {
			isa = PBXGroup;
			children = (
			);
			path = Models;
			sourceTree = "<group>";
		};
		434B8B192A9F34FD0088700A /* Managers */ = {
			isa = PBXGroup;
			children = (
				434B8B212A9F38F10088700A /* LocationManager.swift */,
			);
			path = Managers;
			sourceTree = "<group>";
		};
		434B8B1A2A9F35000088700A /* Extensions */ = {
			isa = PBXGroup;
			children = (
			);
			path = Extensions;
			sourceTree = "<group>";
		};
		434B8B1B2A9F35030088700A /* Core */ = {
			isa = PBXGroup;
			children = (
				434B8B232A9F427D0088700A /* Home */,
				434B8B242A9F42AD0088700A /* LocationSearch */,
			);
			path = Core;
			sourceTree = "<group>";
		};
		434B8B1C2A9F35070088700A /* App */ = {
			isa = PBXGroup;
			children = (
				434B8B0A2A9F338E0088700A /* UberApp.swift */,
			);
			path = App;
			sourceTree = "<group>";
		};
		434B8B1D2A9F35390088700A /* ViewModels */ = {
			isa = PBXGroup;
			children = (
			);
			path = ViewModels;
			sourceTree = "<group>";
		};
		434B8B1E2A9F354B0088700A /* View */ = {
			isa = PBXGroup;
			children = (
				434B8B0C2A9F338E0088700A /* HomeView.swift */,
				434B8B292A9F46400088700A /* MapViewActionButton.swift */,
				434B8B1F2A9F35CC0088700A /* UberMapViewRepresentable.swift */,
			);
			path = View;
			sourceTree = "<group>";
		};
		434B8B232A9F427D0088700A /* Home */ = {
			isa = PBXGroup;
			children = (
				434B8B1E2A9F354B0088700A /* View */,
				434B8B1D2A9F35390088700A /* ViewModels */,
			);
			path = Home;
			sourceTree = "<group>";
		};
		434B8B242A9F42AD0088700A /* LocationSearch */ = {
			isa = PBXGroup;
			children = (
				434B8B262A9F42CC0088700A /* ViewModel */,
				434B8B252A9F42C10088700A /* Views */,
			);
			path = LocationSearch;
			sourceTree = "<group>";
		};
		434B8B252A9F42C10088700A /* Views */ = {
			isa = PBXGroup;
			children = (
				434B8B272A9F42FA0088700A /* LocationSearchActivationView.swift */,
			);
			path = Views;
			sourceTree = "<group>";
		};
		434B8B262A9F42CC0088700A /* ViewModel */ = {
			isa = PBXGroup;
			children = (
			);
			path = ViewModel;
			sourceTree = "<group>";
		};
/* End PBXGroup section */

/* Begin PBXNativeTarget section */
		434B8B062A9F338E0088700A /* Uber */ = {
			isa = PBXNativeTarget;
			buildConfigurationList = 434B8B152A9F33910088700A /* Build configuration list for PBXNativeTarget "Uber" */;
			buildPhases = (
				434B8B032A9F338E0088700A /* Sources */,
				434B8B042A9F338E0088700A /* Frameworks */,
				434B8B052A9F338E0088700A /* Resources */,
			);
			buildRules = (
			);
			dependencies = (
			);
			name = Uber;
			productName = Uber;
			productReference = 434B8B072A9F338E0088700A /* Uber.app */;
			productType = "com.apple.product-type.application";
		};
/* End PBXNativeTarget section */

/* Begin PBXProject section */
		434B8AFF2A9F338E0088700A /* Project object */ = {
			isa = PBXProject;
			attributes = {
				BuildIndependentTargetsInParallel = 1;
				LastSwiftUpdateCheck = 1430;
				LastUpgradeCheck = 1430;
				TargetAttributes = {
					434B8B062A9F338E0088700A = {
						CreatedOnToolsVersion = 14.3.1;
					};
				};
			};
			buildConfigurationList = 434B8B022A9F338E0088700A /* Build configuration list for PBXProject "Uber" */;
			compatibilityVersion = "Xcode 14.0";
			developmentRegion = en;
			hasScannedForEncodings = 0;
			knownRegions = (
				en,
				Base,
			);
			mainGroup = 434B8AFE2A9F338E0088700A;
			productRefGroup = 434B8B082A9F338E0088700A /* Products */;
			projectDirPath = "";
			projectRoot = "";
			targets = (
				434B8B062A9F338E0088700A /* Uber */,
			);
		};
/* End PBXProject section */

/* Begin PBXResourcesBuildPhase section */
		434B8B052A9F338E0088700A /* Resources */ = {
			isa = PBXResourcesBuildPhase;
			buildActionMask = 2147483647;
			files = (
				434B8B122A9F33910088700A /* Preview Assets.xcassets in Resources */,
				434B8B0F2A9F33910088700A /* Assets.xcassets in Resources */,
			);
			runOnlyForDeploymentPostprocessing = 0;
		};
/* End PBXResourcesBuildPhase section */

/* Begin PBXSourcesBuildPhase section */
		434B8B032A9F338E0088700A /* Sources */ = {
			isa = PBXSourcesBuildPhase;
			buildActionMask = 2147483647;
			files = (
				434B8B222A9F38F10088700A /* LocationManager.swift in Sources */,
				434B8B2A2A9F46400088700A /* MapViewActionButton.swift in Sources */,
				434B8B0D2A9F338E0088700A /* HomeView.swift in Sources */,
				434B8B202A9F35CC0088700A /* UberMapViewRepresentable.swift in Sources */,
				434B8B0B2A9F338E0088700A /* UberApp.swift in Sources */,
				434B8B282A9F42FA0088700A /* LocationSearchActivationView.swift in Sources */,
			);
			runOnlyForDeploymentPostprocessing = 0;
		};
/* End PBXSourcesBuildPhase section */

/* Begin XCBuildConfiguration section */
		434B8B132A9F33910088700A /* Debug */ = {
			isa = XCBuildConfiguration;
			buildSettings = {
				ALWAYS_SEARCH_USER_PATHS = NO;
				CLANG_ANALYZER_NONNULL = YES;
				CLANG_ANALYZER_NUMBER_OBJECT_CONVERSION = YES_AGGRESSIVE;
				CLANG_CXX_LANGUAGE_STANDARD = "gnu++20";
				CLANG_ENABLE_MODULES = YES;
				CLANG_ENABLE_OBJC_ARC = YES;
				CLANG_ENABLE_OBJC_WEAK = YES;
				CLANG_WARN_BLOCK_CAPTURE_AUTORELEASING = YES;
				CLANG_WARN_BOOL_CONVERSION = YES;
				CLANG_WARN_COMMA = YES;
				CLANG_WARN_CONSTANT_CONVERSION = YES;
				CLANG_WARN_DEPRECATED_OBJC_IMPLEMENTATIONS = YES;
				CLANG_WARN_DIRECT_OBJC_ISA_USAGE = YES_ERROR;
				CLANG_WARN_DOCUMENTATION_COMMENTS = YES;
				CLANG_WARN_EMPTY_BODY = YES;
				CLANG_WARN_ENUM_CONVERSION = YES;
				CLANG_WARN_INFINITE_RECURSION = YES;
				CLANG_WARN_INT_CONVERSION = YES;
				CLANG_WARN_NON_LITERAL_NULL_CONVERSION = YES;
				CLANG_WARN_OBJC_IMPLICIT_RETAIN_SELF = YES;
				CLANG_WARN_OBJC_LITERAL_CONVERSION = YES;
				CLANG_WARN_OBJC_ROOT_CLASS = YES_ERROR;
				CLANG_WARN_QUOTED_INCLUDE_IN_FRAMEWORK_HEADER = YES;
				CLANG_WARN_RANGE_LOOP_ANALYSIS = YES;
				CLANG_WARN_STRICT_PROTOTYPES = YES;
				CLANG_WARN_SUSPICIOUS_MOVE = YES;
				CLANG_WARN_UNGUARDED_AVAILABILITY = YES_AGGRESSIVE;
				CLANG_WARN_UNREACHABLE_CODE = YES;
				CLANG_WARN__DUPLICATE_METHOD_MATCH = YES;
				COPY_PHASE_STRIP = NO;
				DEBUG_INFORMATION_FORMAT = dwarf;
				ENABLE_STRICT_OBJC_MSGSEND = YES;
				ENABLE_TESTABILITY = YES;
				GCC_C_LANGUAGE_STANDARD = gnu11;
				GCC_DYNAMIC_NO_PIC = NO;
				GCC_NO_COMMON_BLOCKS = YES;
				GCC_OPTIMIZATION_LEVEL = 0;
				GCC_PREPROCESSOR_DEFINITIONS = (
					"DEBUG=1",
					"$(inherited)",
				);
				GCC_WARN_64_TO_32_BIT_CONVERSION = YES;
				GCC_WARN_ABOUT_RETURN_TYPE = YES_ERROR;
				GCC_WARN_UNDECLARED_SELECTOR = YES;
				GCC_WARN_UNINITIALIZED_AUTOS = YES_AGGRESSIVE;
				GCC_WARN_UNUSED_FUNCTION = YES;
				GCC_WARN_UNUSED_VARIABLE = YES;
				IPHONEOS_DEPLOYMENT_TARGET = 16.4;
				MTL_ENABLE_DEBUG_INFO = INCLUDE_SOURCE;
				MTL_FAST_MATH = YES;
				ONLY_ACTIVE_ARCH = YES;
				SDKROOT = iphoneos;
				SWIFT_ACTIVE_COMPILATION_CONDITIONS = DEBUG;
				SWIFT_OPTIMIZATION_LEVEL = "-Onone";
			};
			name = Debug;
		};
		434B8B142A9F33910088700A /* Release */ = {
			isa = XCBuildConfiguration;
			buildSettings = {
				ALWAYS_SEARCH_USER_PATHS = NO;
				CLANG_ANALYZER_NONNULL = YES;
				CLANG_ANALYZER_NUMBER_OBJECT_CONVERSION = YES_AGGRESSIVE;
				CLANG_CXX_LANGUAGE_STANDARD = "gnu++20";
				CLANG_ENABLE_MODULES = YES;
				CLANG_ENABLE_OBJC_ARC = YES;
				CLANG_ENABLE_OBJC_WEAK = YES;
				CLANG_WARN_BLOCK_CAPTURE_AUTORELEASING = YES;
				CLANG_WARN_BOOL_CONVERSION = YES;
				CLANG_WARN_COMMA = YES;
				CLANG_WARN_CONSTANT_CONVERSION = YES;
				CLANG_WARN_DEPRECATED_OBJC_IMPLEMENTATIONS = YES;
				CLANG_WARN_DIRECT_OBJC_ISA_USAGE = YES_ERROR;
				CLANG_WARN_DOCUMENTATION_COMMENTS = YES;
				CLANG_WARN_EMPTY_BODY = YES;
				CLANG_WARN_ENUM_CONVERSION = YES;
				CLANG_WARN_INFINITE_RECURSION = YES;
				CLANG_WARN_INT_CONVERSION = YES;
				CLANG_WARN_NON_LITERAL_NULL_CONVERSION = YES;
				CLANG_WARN_OBJC_IMPLICIT_RETAIN_SELF = YES;
				CLANG_WARN_OBJC_LITERAL_CONVERSION = YES;
				CLANG_WARN_OBJC_ROOT_CLASS = YES_ERROR;
				CLANG_WARN_QUOTED_INCLUDE_IN_FRAMEWORK_HEADER = YES;
				CLANG_WARN_RANGE_LOOP_ANALYSIS = YES;
				CLANG_WARN_STRICT_PROTOTYPES = YES;
				CLANG_WARN_SUSPICIOUS_MOVE = YES;
				CLANG_WARN_UNGUARDED_AVAILABILITY = YES_AGGRESSIVE;
				CLANG_WARN_UNREACHABLE_CODE = YES;
				CLANG_WARN__DUPLICATE_METHOD_MATCH = YES;
				COPY_PHASE_STRIP = NO;
				DEBUG_INFORMATION_FORMAT = "dwarf-with-dsym";
				ENABLE_NS_ASSERTIONS = NO;
				ENABLE_STRICT_OBJC_MSGSEND = YES;
				GCC_C_LANGUAGE_STANDARD = gnu11;
				GCC_NO_COMMON_BLOCKS = YES;
				GCC_WARN_64_TO_32_BIT_CONVERSION = YES;
				GCC_WARN_ABOUT_RETURN_TYPE = YES_ERROR;
				GCC_WARN_UNDECLARED_SELECTOR = YES;
				GCC_WARN_UNINITIALIZED_AUTOS = YES_AGGRESSIVE;
				GCC_WARN_UNUSED_FUNCTION = YES;
				GCC_WARN_UNUSED_VARIABLE = YES;
				IPHONEOS_DEPLOYMENT_TARGET = 16.4;
				MTL_ENABLE_DEBUG_INFO = NO;
				MTL_FAST_MATH = YES;
				SDKROOT = iphoneos;
				SWIFT_COMPILATION_MODE = wholemodule;
				SWIFT_OPTIMIZATION_LEVEL = "-O";
				VALIDATE_PRODUCT = YES;
			};
			name = Release;
		};
		434B8B162A9F33910088700A /* Debug */ = {
			isa = XCBuildConfiguration;
			buildSettings = {
				ASSETCATALOG_COMPILER_APPICON_NAME = AppIcon;
				ASSETCATALOG_COMPILER_GLOBAL_ACCENT_COLOR_NAME = AccentColor;
				CODE_SIGN_STYLE = Automatic;
				CURRENT_PROJECT_VERSION = 1;
				DEVELOPMENT_ASSET_PATHS = "\"Uber/Preview Content\"";
				ENABLE_PREVIEWS = YES;
				GENERATE_INFOPLIST_FILE = YES;
				INFOPLIST_KEY_NSLocationWhenInUseUsageDescription = "Please allow locaiton to access near by drivers";
				INFOPLIST_KEY_UIApplicationSceneManifest_Generation = YES;
				INFOPLIST_KEY_UIApplicationSupportsIndirectInputEvents = YES;
				INFOPLIST_KEY_UILaunchScreen_Generation = YES;
				INFOPLIST_KEY_UISupportedInterfaceOrientations_iPad = "UIInterfaceOrientationPortrait UIInterfaceOrientationPortraitUpsideDown UIInterfaceOrientationLandscapeLeft UIInterfaceOrientationLandscapeRight";
				INFOPLIST_KEY_UISupportedInterfaceOrientations_iPhone = "UIInterfaceOrientationPortrait UIInterfaceOrientationLandscapeLeft UIInterfaceOrientationLandscapeRight";
				LD_RUNPATH_SEARCH_PATHS = (
					"$(inherited)",
					"@executable_path/Frameworks",
				);
				MARKETING_VERSION = 1.0;
				PRODUCT_BUNDLE_IDENTIFIER = com.login.Uber;
				PRODUCT_NAME = "$(TARGET_NAME)";
				SWIFT_EMIT_LOC_STRINGS = YES;
				SWIFT_VERSION = 5.0;
				TARGETED_DEVICE_FAMILY = "1,2";
			};
			name = Debug;
		};
		434B8B172A9F33910088700A /* Release */ = {
			isa = XCBuildConfiguration;
			buildSettings = {
				ASSETCATALOG_COMPILER_APPICON_NAME = AppIcon;
				ASSETCATALOG_COMPILER_GLOBAL_ACCENT_COLOR_NAME = AccentColor;
				CODE_SIGN_STYLE = Automatic;
				CURRENT_PROJECT_VERSION = 1;
				DEVELOPMENT_ASSET_PATHS = "\"Uber/Preview Content\"";
				ENABLE_PREVIEWS = YES;
				GENERATE_INFOPLIST_FILE = YES;
				INFOPLIST_KEY_NSLocationWhenInUseUsageDescription = "Please allow locaiton to access near by drivers";
				INFOPLIST_KEY_UIApplicationSceneManifest_Generation = YES;
				INFOPLIST_KEY_UIApplicationSupportsIndirectInputEvents = YES;
				INFOPLIST_KEY_UILaunchScreen_Generation = YES;
				INFOPLIST_KEY_UISupportedInterfaceOrientations_iPad = "UIInterfaceOrientationPortrait UIInterfaceOrientationPortraitUpsideDown UIInterfaceOrientationLandscapeLeft UIInterfaceOrientationLandscapeRight";
				INFOPLIST_KEY_UISupportedInterfaceOrientations_iPhone = "UIInterfaceOrientationPortrait UIInterfaceOrientationLandscapeLeft UIInterfaceOrientationLandscapeRight";
				LD_RUNPATH_SEARCH_PATHS = (
					"$(inherited)",
					"@executable_path/Frameworks",
				);
				MARKETING_VERSION = 1.0;
				PRODUCT_BUNDLE_IDENTIFIER = com.login.Uber;
				PRODUCT_NAME = "$(TARGET_NAME)";
				SWIFT_EMIT_LOC_STRINGS = YES;
				SWIFT_VERSION = 5.0;
				TARGETED_DEVICE_FAMILY = "1,2";
			};
			name = Release;
		};
/* End XCBuildConfiguration section */

/* Begin XCConfigurationList section */
		434B8B022A9F338E0088700A /* Build configuration list for PBXProject "Uber" */ = {
			isa = XCConfigurationList;
			buildConfigurations = (
				434B8B132A9F33910088700A /* Debug */,
				434B8B142A9F33910088700A /* Release */,
			);
			defaultConfigurationIsVisible = 0;
			defaultConfigurationName = Release;
		};
		434B8B152A9F33910088700A /* Build configuration list for PBXNativeTarget "Uber" */ = {
			isa = XCConfigurationList;
			buildConfigurations = (
				434B8B162A9F33910088700A /* Debug */,
				434B8B172A9F33910088700A /* Release */,
			);
			defaultConfigurationIsVisible = 0;
			defaultConfigurationName = Release;
		};
/* End XCConfigurationList section */
	};
	rootObject = 434B8AFF2A9F338E0088700A /* Project object */;
}
